
Microsoft Visual Studio Solution File, Format Version 12.00
Project("{FAE04EC0-301F-11D3-BF4B-00C04F79EFBC}") = "BookwormsOnline_Trial4", "BookwormsOnline_Trial4.csproj", "{D6DDB002-F568-4440-A262-BA5D65AE1641}"
EndProject
Global
	GlobalSection(SolutionConfigurationPlatforms) = preSolution
		Debug|Any CPU = Debug|Any CPU
		Release|Any CPU = Release|Any CPU
	EndGlobalSection
	GlobalSection(ProjectConfigurationPlatforms) = postSolution
		{D6DDB002-F568-4440-A262-BA5D65AE1641}.Debug|Any CPU.ActiveCfg = Debug|Any CPU
		{D6DDB002-F568-4440-A262-BA5D65AE1641}.Debug|Any CPU.Build.0 = Debug|Any CPU
		{D6DDB002-F568-4440-A262-BA5D65AE1641}.Release|Any CPU.ActiveCfg = Release|Any CPU
		{D6DDB002-F568-4440-A262-BA5D65AE1641}.Release|Any CPU.Build.0 = Release|Any CPU
	EndGlobalSection
EndGlobal
